
Microsoft Visual Studio Solution File, Format Version 12.00
# Visual Studio Version 16
VisualStudioVersion = 16.0.30104.148
MinimumVisualStudioVersion = 10.0.40219.1
Project("{FAE04EC0-301F-11D3-BF4B-00C04F79EFBC}") = "APi 2", "APi 2\APi 2.csproj", "{258A34DD-3A26-4359-A8F5-54523D742365}"
EndProject
Global
	GlobalSection(SolutionConfigurationPlatforms) = preSolution
		Debug|Any CPU = Debug|Any CPU
		Release|Any CPU = Release|Any CPU
	EndGlobalSection
	GlobalSection(ProjectConfigurationPlatforms) = postSolution
		{258A34DD-3A26-4359-A8F5-54523D742365}.Debug|Any CPU.ActiveCfg = Debug|Any CPU
		{258A34DD-3A26-4359-A8F5-54523D742365}.Debug|Any CPU.Build.0 = Debug|Any CPU
		{258A34DD-3A26-4359-A8F5-54523D742365}.Release|Any CPU.ActiveCfg = Release|Any CPU
		{258A34DD-3A26-4359-A8F5-54523D742365}.Release|Any CPU.Build.0 = Release|Any CPU
	EndGlobalSection
	GlobalSection(SolutionProperties) = preSolution
		HideSolutionNode = FALSE
	EndGlobalSection
	GlobalSection(ExtensibilityGlobals) = postSolution
		SolutionGuid = {EB6A6EAD-1F0E-479A-A42B-5633BE411163}
	EndGlobalSection
EndGlobal
